
Microsoft Visual Studio Solution File, Format Version 12.00
# Visual Studio Version 17
VisualStudioVersion = 17.8.34525.116
MinimumVisualStudioVersion = 10.0.40219.1
Project("{FAE04EC0-301F-11D3-BF4B-00C04F79EFBC}") = "HotelBooker", "HotelBooker.csproj", "{DEE58661-03B7-445D-9244-22D6B54F13D3}"
EndProject
Project("{FAE04EC0-301F-11D3-BF4B-00C04F79EFBC}") = "HotelBookerUTests", "..\HotelBookerUTests\HotelBookerUTests.csproj", "{C1373677-745B-46E8-B9CF-21733C5D493B}"
EndProject
Global
	GlobalSection(SolutionConfigurationPlatforms) = preSolution
		Debug|Any CPU = Debug|Any CPU
		Release|Any CPU = Release|Any CPU
	EndGlobalSection
	GlobalSection(ProjectConfigurationPlatforms) = postSolution
		{DEE58661-03B7-445D-9244-22D6B54F13D3}.Debug|Any CPU.ActiveCfg = Debug|Any CPU
		{DEE58661-03B7-445D-9244-22D6B54F13D3}.Debug|Any CPU.Build.0 = Debug|Any CPU
		{DEE58661-03B7-445D-9244-22D6B54F13D3}.Release|Any CPU.ActiveCfg = Release|Any CPU
		{DEE58661-03B7-445D-9244-22D6B54F13D3}.Release|Any CPU.Build.0 = Release|Any CPU
		{C1373677-745B-46E8-B9CF-21733C5D493B}.Debug|Any CPU.ActiveCfg = Debug|Any CPU
		{C1373677-745B-46E8-B9CF-21733C5D493B}.Debug|Any CPU.Build.0 = Debug|Any CPU
		{C1373677-745B-46E8-B9CF-21733C5D493B}.Release|Any CPU.ActiveCfg = Release|Any CPU
		{C1373677-745B-46E8-B9CF-21733C5D493B}.Release|Any CPU.Build.0 = Release|Any CPU
	EndGlobalSection
	GlobalSection(SolutionProperties) = preSolution
		HideSolutionNode = FALSE
	EndGlobalSection
	GlobalSection(ExtensibilityGlobals) = postSolution
		SolutionGuid = {6BDDD10E-FD5D-4465-9C8B-56FBBDA6C742}
	EndGlobalSection
EndGlobal
